
Microsoft Visual Studio Solution File, Format Version 12.00
# Visual Studio Version 17
VisualStudioVersion = 17.3.32922.545
MinimumVisualStudioVersion = 10.0.40219.1
Project("{2150E333-8FDC-42A3-9474-1A3956D46DE8}") = "src", "src", "{BC9EA7EB-76A9-4B45-9753-25A70FDE2F70}"
EndProject
Project("{2150E333-8FDC-42A3-9474-1A3956D46DE8}") = "Api", "Api", "{EDDC9DDC-82E6-4FE8-98E9-739D4EC1620F}"
EndProject
Project("{2150E333-8FDC-42A3-9474-1A3956D46DE8}") = "Clients", "Clients", "{1F461EE1-A6E8-4D15-8EA0-7F9C2DE9AF98}"
EndProject
Project("{2150E333-8FDC-42A3-9474-1A3956D46DE8}") = "Shared", "Shared", "{6E89383E-788F-458C-BD4D-F25B12788481}"
EndProject
Project("{2150E333-8FDC-42A3-9474-1A3956D46DE8}") = "Core", "Core", "{7DB7F1AC-BE63-4253-927B-3B3258C01EF4}"
EndProject
Project("{2150E333-8FDC-42A3-9474-1A3956D46DE8}") = "Infrastructure", "Infrastructure", "{3CFA1609-68BC-496F-910A-FD2DE870610C}"
EndProject
Project("{2150E333-8FDC-42A3-9474-1A3956D46DE8}") = "WebAPI", "WebAPI", "{110507FD-C602-456B-8422-DDB06645965B}"
EndProject
Project("{9A19103F-16F7-4668-BE54-9A1E7A4F7556}") = "Netflix.Api.Domain", "src\Api\Core\Netflix.Api.Domain\Netflix.Api.Domain.csproj", "{A92364C4-7C4A-48D1-A091-82813F6F0A12}"
EndProject
Project("{9A19103F-16F7-4668-BE54-9A1E7A4F7556}") = "Netflix.Api.Application", "src\Api\Core\Netflix.Api.Application\Netflix.Api.Application.csproj", "{4EE4F9CF-F2FC-485A-97D7-5612254D5410}"
EndProject
Project("{9A19103F-16F7-4668-BE54-9A1E7A4F7556}") = "Netflix.Infrastructure.Persistance", "src\Api\Infrastructure\Netflix.Infrastructure.Persistance\Netflix.Infrastructure.Persistance.csproj", "{4EAB3BDF-E013-411D-9046-AAA6814AEC4D}"
EndProject
Project("{9A19103F-16F7-4668-BE54-9A1E7A4F7556}") = "Netflix.Api.WebAPI", "src\Api\WebAPI\Netflix.Api.WebAPI\Netflix.Api.WebAPI.csproj", "{794C7152-09F8-4B2C-8D72-765DFBA5FD82}"
EndProject
Project("{2150E333-8FDC-42A3-9474-1A3956D46DE8}") = "Projections", "Projections", "{164DCA7E-CF16-46F9-8472-20B037CA762E}"
EndProject
Project("{9A19103F-16F7-4668-BE54-9A1E7A4F7556}") = "Netflix.Shared", "src\Shared\Netflix.Shared\Netflix.Shared.csproj", "{0B1FB4FB-B58A-40B5-A6FB-995440B1CF58}"
EndProject
Project("{9A19103F-16F7-4668-BE54-9A1E7A4F7556}") = "Netflix.Infrastructure.Infrastructure", "src\Api\Infrastructure\Netflix.Infrastructure.Infrastructure\Netflix.Infrastructure.Infrastructure.csproj", "{6308B829-19ED-416B-9790-5AD2E4C8FB31}"
EndProject
Project("{FAE04EC0-301F-11D3-BF4B-00C04F79EFBC}") = "Netlflix.Client.MVC", "src\Clients\Netlflix.Client.MVC\Netlflix.Client.MVC.csproj", "{8E7C3BAC-A7A5-4FE9-83E6-36F8AC2D531D}"
EndProject
Global
	GlobalSection(SolutionConfigurationPlatforms) = preSolution
		Debug|Any CPU = Debug|Any CPU
		Release|Any CPU = Release|Any CPU
	EndGlobalSection
	GlobalSection(ProjectConfigurationPlatforms) = postSolution
		{A92364C4-7C4A-48D1-A091-82813F6F0A12}.Debug|Any CPU.ActiveCfg = Debug|Any CPU
		{A92364C4-7C4A-48D1-A091-82813F6F0A12}.Debug|Any CPU.Build.0 = Debug|Any CPU
		{A92364C4-7C4A-48D1-A091-82813F6F0A12}.Release|Any CPU.ActiveCfg = Release|Any CPU
		{A92364C4-7C4A-48D1-A091-82813F6F0A12}.Release|Any CPU.Build.0 = Release|Any CPU
		{4EE4F9CF-F2FC-485A-97D7-5612254D5410}.Debug|Any CPU.ActiveCfg = Debug|Any CPU
		{4EE4F9CF-F2FC-485A-97D7-5612254D5410}.Debug|Any CPU.Build.0 = Debug|Any CPU
		{4EE4F9CF-F2FC-485A-97D7-5612254D5410}.Release|Any CPU.ActiveCfg = Release|Any CPU
		{4EE4F9CF-F2FC-485A-97D7-5612254D5410}.Release|Any CPU.Build.0 = Release|Any CPU
		{4EAB3BDF-E013-411D-9046-AAA6814AEC4D}.Debug|Any CPU.ActiveCfg = Debug|Any CPU
		{4EAB3BDF-E013-411D-9046-AAA6814AEC4D}.Debug|Any CPU.Build.0 = Debug|Any CPU
		{4EAB3BDF-E013-411D-9046-AAA6814AEC4D}.Release|Any CPU.ActiveCfg = Release|Any CPU
		{4EAB3BDF-E013-411D-9046-AAA6814AEC4D}.Release|Any CPU.Build.0 = Release|Any CPU
		{794C7152-09F8-4B2C-8D72-765DFBA5FD82}.Debug|Any CPU.ActiveCfg = Debug|Any CPU
		{794C7152-09F8-4B2C-8D72-765DFBA5FD82}.Debug|Any CPU.Build.0 = Debug|Any CPU
		{794C7152-09F8-4B2C-8D72-765DFBA5FD82}.Release|Any CPU.ActiveCfg = Release|Any CPU
		{794C7152-09F8-4B2C-8D72-765DFBA5FD82}.Release|Any CPU.Build.0 = Release|Any CPU
		{0B1FB4FB-B58A-40B5-A6FB-995440B1CF58}.Debug|Any CPU.ActiveCfg = Debug|Any CPU
		{0B1FB4FB-B58A-40B5-A6FB-995440B1CF58}.Debug|Any CPU.Build.0 = Debug|Any CPU
		{0B1FB4FB-B58A-40B5-A6FB-995440B1CF58}.Release|Any CPU.ActiveCfg = Release|Any CPU
		{0B1FB4FB-B58A-40B5-A6FB-995440B1CF58}.Release|Any CPU.Build.0 = Release|Any CPU
		{6308B829-19ED-416B-9790-5AD2E4C8FB31}.Debug|Any CPU.ActiveCfg = Debug|Any CPU
		{6308B829-19ED-416B-9790-5AD2E4C8FB31}.Debug|Any CPU.Build.0 = Debug|Any CPU
		{6308B829-19ED-416B-9790-5AD2E4C8FB31}.Release|Any CPU.ActiveCfg = Release|Any CPU
		{6308B829-19ED-416B-9790-5AD2E4C8FB31}.Release|Any CPU.Build.0 = Release|Any CPU
		{8E7C3BAC-A7A5-4FE9-83E6-36F8AC2D531D}.Debug|Any CPU.ActiveCfg = Debug|Any CPU
		{8E7C3BAC-A7A5-4FE9-83E6-36F8AC2D531D}.Debug|Any CPU.Build.0 = Debug|Any CPU
		{8E7C3BAC-A7A5-4FE9-83E6-36F8AC2D531D}.Release|Any CPU.ActiveCfg = Release|Any CPU
		{8E7C3BAC-A7A5-4FE9-83E6-36F8AC2D531D}.Release|Any CPU.Build.0 = Release|Any CPU
	EndGlobalSection
	GlobalSection(SolutionProperties) = preSolution
		HideSolutionNode = FALSE
	EndGlobalSection
	GlobalSection(NestedProjects) = preSolution
		{EDDC9DDC-82E6-4FE8-98E9-739D4EC1620F} = {BC9EA7EB-76A9-4B45-9753-25A70FDE2F70}
		{1F461EE1-A6E8-4D15-8EA0-7F9C2DE9AF98} = {BC9EA7EB-76A9-4B45-9753-25A70FDE2F70}
		{6E89383E-788F-458C-BD4D-F25B12788481} = {BC9EA7EB-76A9-4B45-9753-25A70FDE2F70}
		{7DB7F1AC-BE63-4253-927B-3B3258C01EF4} = {EDDC9DDC-82E6-4FE8-98E9-739D4EC1620F}
		{3CFA1609-68BC-496F-910A-FD2DE870610C} = {EDDC9DDC-82E6-4FE8-98E9-739D4EC1620F}
		{110507FD-C602-456B-8422-DDB06645965B} = {EDDC9DDC-82E6-4FE8-98E9-739D4EC1620F}
		{A92364C4-7C4A-48D1-A091-82813F6F0A12} = {7DB7F1AC-BE63-4253-927B-3B3258C01EF4}
		{4EE4F9CF-F2FC-485A-97D7-5612254D5410} = {7DB7F1AC-BE63-4253-927B-3B3258C01EF4}
		{4EAB3BDF-E013-411D-9046-AAA6814AEC4D} = {3CFA1609-68BC-496F-910A-FD2DE870610C}
		{794C7152-09F8-4B2C-8D72-765DFBA5FD82} = {110507FD-C602-456B-8422-DDB06645965B}
		{164DCA7E-CF16-46F9-8472-20B037CA762E} = {BC9EA7EB-76A9-4B45-9753-25A70FDE2F70}
		{0B1FB4FB-B58A-40B5-A6FB-995440B1CF58} = {6E89383E-788F-458C-BD4D-F25B12788481}
		{6308B829-19ED-416B-9790-5AD2E4C8FB31} = {3CFA1609-68BC-496F-910A-FD2DE870610C}
		{8E7C3BAC-A7A5-4FE9-83E6-36F8AC2D531D} = {1F461EE1-A6E8-4D15-8EA0-7F9C2DE9AF98}
	EndGlobalSection
	GlobalSection(ExtensibilityGlobals) = postSolution
		SolutionGuid = {CB0D550F-D3D4-4F32-A22D-CDEBB8AA4148}
	EndGlobalSection
EndGlobal
